
Microsoft Visual Studio Solution File, Format Version 12.00
# Visual Studio Version 16
VisualStudioVersion = 16.0.30204.135
MinimumVisualStudioVersion = 10.0.40219.1
Project("{FAE04EC0-301F-11D3-BF4B-00C04F79EFBC}") = "ODCMSS", "ODCMSS.csproj", "{357C23E3-C29D-459F-A0EE-69E7E1C0DA0D}"
EndProject
Global
	GlobalSection(SolutionConfigurationPlatforms) = preSolution
		Debug|Any CPU = Debug|Any CPU
		Release|Any CPU = Release|Any CPU
	EndGlobalSection
	GlobalSection(ProjectConfigurationPlatforms) = postSolution
		{357C23E3-C29D-459F-A0EE-69E7E1C0DA0D}.Debug|Any CPU.ActiveCfg = Debug|Any CPU
		{357C23E3-C29D-459F-A0EE-69E7E1C0DA0D}.Debug|Any CPU.Build.0 = Debug|Any CPU
		{357C23E3-C29D-459F-A0EE-69E7E1C0DA0D}.Release|Any CPU.ActiveCfg = Release|Any CPU
		{357C23E3-C29D-459F-A0EE-69E7E1C0DA0D}.Release|Any CPU.Build.0 = Release|Any CPU
	EndGlobalSection
	GlobalSection(SolutionProperties) = preSolution
		HideSolutionNode = FALSE
	EndGlobalSection
	GlobalSection(ExtensibilityGlobals) = postSolution
		SolutionGuid = {0ED41451-7484-403A-80C5-C8D1867F394C}
	EndGlobalSection
EndGlobal
